
Microsoft Visual Studio Solution File, Format Version 12.00
# Visual Studio Version 16
VisualStudioVersion = 16.0.28917.182
MinimumVisualStudioVersion = 10.0.40219.1
Project("{9A19103F-16F7-4668-BE54-9A1E7A4F7556}") = "MyVet.Common", "MyVet.Common\MyVet.Common.csproj", "{95CB14AA-A925-4503-8324-9CF06AFC48C5}"
EndProject
Project("{9A19103F-16F7-4668-BE54-9A1E7A4F7556}") = "MyVet.Web", "MyVet.Web\MyVet.Web.csproj", "{3F65961B-61E9-4EA6-9097-0723AAF8859D}"
EndProject
Project("{9A19103F-16F7-4668-BE54-9A1E7A4F7556}") = "MyVet.Prism", "MyVet.Prism\MyVet.Prism\MyVet.Prism.csproj", "{498EDB79-E670-40C4-876F-B9F2D2B12183}"
EndProject
Project("{FAE04EC0-301F-11D3-BF4B-00C04F79EFBC}") = "MyVet.Prism.Android", "MyVet.Prism\MyVet.Prism.Android\MyVet.Prism.Android.csproj", "{ACDDC131-8D25-4B3B-9D42-6DFFA21F8741}"
EndProject
Project("{FAE04EC0-301F-11D3-BF4B-00C04F79EFBC}") = "MyVet.Prism.iOS", "MyVet.Prism\MyVet.Prism.iOS\MyVet.Prism.iOS.csproj", "{BAFF782F-15EE-41E8-86FF-A6426C783320}"
EndProject
Global
	GlobalSection(SolutionConfigurationPlatforms) = preSolution
		Ad-Hoc|Any CPU = Ad-Hoc|Any CPU
		Ad-Hoc|ARM = Ad-Hoc|ARM
		Ad-Hoc|iPhone = Ad-Hoc|iPhone
		Ad-Hoc|iPhoneSimulator = Ad-Hoc|iPhoneSimulator
		Ad-Hoc|x64 = Ad-Hoc|x64
		Ad-Hoc|x86 = Ad-Hoc|x86
		AppStore|Any CPU = AppStore|Any CPU
		AppStore|ARM = AppStore|ARM
		AppStore|iPhone = AppStore|iPhone
		AppStore|iPhoneSimulator = AppStore|iPhoneSimulator
		AppStore|x64 = AppStore|x64
		AppStore|x86 = AppStore|x86
		Debug|Any CPU = Debug|Any CPU
		Debug|ARM = Debug|ARM
		Debug|iPhone = Debug|iPhone
		Debug|iPhoneSimulator = Debug|iPhoneSimulator
		Debug|x64 = Debug|x64
		Debug|x86 = Debug|x86
		Release|Any CPU = Release|Any CPU
		Release|ARM = Release|ARM
		Release|iPhone = Release|iPhone
		Release|iPhoneSimulator = Release|iPhoneSimulator
		Release|x64 = Release|x64
		Release|x86 = Release|x86
	EndGlobalSection
	GlobalSection(ProjectConfigurationPlatforms) = postSolution
		{95CB14AA-A925-4503-8324-9CF06AFC48C5}.Ad-Hoc|Any CPU.ActiveCfg = Release|Any CPU
		{95CB14AA-A925-4503-8324-9CF06AFC48C5}.Ad-Hoc|Any CPU.Build.0 = Release|Any CPU
		{95CB14AA-A925-4503-8324-9CF06AFC48C5}.Ad-Hoc|ARM.ActiveCfg = Release|Any CPU
		{95CB14AA-A925-4503-8324-9CF06AFC48C5}.Ad-Hoc|ARM.Build.0 = Release|Any CPU
		{95CB14AA-A925-4503-8324-9CF06AFC48C5}.Ad-Hoc|iPhone.ActiveCfg = Release|Any CPU
		{95CB14AA-A925-4503-8324-9CF06AFC48C5}.Ad-Hoc|iPhone.Build.0 = Release|Any CPU
		{95CB14AA-A925-4503-8324-9CF06AFC48C5}.Ad-Hoc|iPhoneSimulator.ActiveCfg = Release|Any CPU
		{95CB14AA-A925-4503-8324-9CF06AFC48C5}.Ad-Hoc|iPhoneSimulator.Build.0 = Release|Any CPU
		{95CB14AA-A925-4503-8324-9CF06AFC48C5}.Ad-Hoc|x64.ActiveCfg = Release|Any CPU
		{95CB14AA-A925-4503-8324-9CF06AFC48C5}.Ad-Hoc|x64.Build.0 = Release|Any CPU
		{95CB14AA-A925-4503-8324-9CF06AFC48C5}.Ad-Hoc|x86.ActiveCfg = Release|Any CPU
		{95CB14AA-A925-4503-8324-9CF06AFC48C5}.Ad-Hoc|x86.Build.0 = Release|Any CPU
		{95CB14AA-A925-4503-8324-9CF06AFC48C5}.AppStore|Any CPU.ActiveCfg = Release|Any CPU
		{95CB14AA-A925-4503-8324-9CF06AFC48C5}.AppStore|Any CPU.Build.0 = Release|Any CPU
		{95CB14AA-A925-4503-8324-9CF06AFC48C5}.AppStore|ARM.ActiveCfg = Release|Any CPU
		{95CB14AA-A925-4503-8324-9CF06AFC48C5}.AppStore|ARM.Build.0 = Release|Any CPU
		{95CB14AA-A925-4503-8324-9CF06AFC48C5}.AppStore|iPhone.ActiveCfg = Release|Any CPU
		{95CB14AA-A925-4503-8324-9CF06AFC48C5}.AppStore|iPhone.Build.0 = Release|Any CPU
		{95CB14AA-A925-4503-8324-9CF06AFC48C5}.AppStore|iPhoneSimulator.ActiveCfg = Release|Any CPU
		{95CB14AA-A925-4503-8324-9CF06AFC48C5}.AppStore|iPhoneSimulator.Build.0 = Release|Any CPU
		{95CB14AA-A925-4503-8324-9CF06AFC48C5}.AppStore|x64.ActiveCfg = Release|Any CPU
		{95CB14AA-A925-4503-8324-9CF06AFC48C5}.AppStore|x64.Build.0 = Release|Any CPU
		{95CB14AA-A925-4503-8324-9CF06AFC48C5}.AppStore|x86.ActiveCfg = Release|Any CPU
		{95CB14AA-A925-4503-8324-9CF06AFC48C5}.AppStore|x86.Build.0 = Release|Any CPU
		{95CB14AA-A925-4503-8324-9CF06AFC48C5}.Debug|Any CPU.ActiveCfg = Debug|Any CPU
		{95CB14AA-A925-4503-8324-9CF06AFC48C5}.Debug|Any CPU.Build.0 = Debug|Any CPU
		{95CB14AA-A925-4503-8324-9CF06AFC48C5}.Debug|ARM.ActiveCfg = Debug|Any CPU
		{95CB14AA-A925-4503-8324-9CF06AFC48C5}.Debug|ARM.Build.0 = Debug|Any CPU
		{95CB14AA-A925-4503-8324-9CF06AFC48C5}.Debug|iPhone.ActiveCfg = Debug|Any CPU
		{95CB14AA-A925-4503-8324-9CF06AFC48C5}.Debug|iPhone.Build.0 = Debug|Any CPU
		{95CB14AA-A925-4503-8324-9CF06AFC48C5}.Debug|iPhoneSimulator.ActiveCfg = Debug|Any CPU
		{95CB14AA-A925-4503-8324-9CF06AFC48C5}.Debug|iPhoneSimulator.Build.0 = Debug|Any CPU
		{95CB14AA-A925-4503-8324-9CF06AFC48C5}.Debug|x64.ActiveCfg = Debug|Any CPU
		{95CB14AA-A925-4503-8324-9CF06AFC48C5}.Debug|x64.Build.0 = Debug|Any CPU
		{95CB14AA-A925-4503-8324-9CF06AFC48C5}.Debug|x86.ActiveCfg = Debug|Any CPU
		{95CB14AA-A925-4503-8324-9CF06AFC48C5}.Debug|x86.Build.0 = Debug|Any CPU
		{95CB14AA-A925-4503-8324-9CF06AFC48C5}.Release|Any CPU.ActiveCfg = Release|Any CPU
		{95CB14AA-A925-4503-8324-9CF06AFC48C5}.Release|Any CPU.Build.0 = Release|Any CPU
		{95CB14AA-A925-4503-8324-9CF06AFC48C5}.Release|ARM.ActiveCfg = Release|Any CPU
		{95CB14AA-A925-4503-8324-9CF06AFC48C5}.Release|ARM.Build.0 = Release|Any CPU
		{95CB14AA-A925-4503-8324-9CF06AFC48C5}.Release|iPhone.ActiveCfg = Release|Any CPU
		{95CB14AA-A925-4503-8324-9CF06AFC48C5}.Release|iPhone.Build.0 = Release|Any CPU
		{95CB14AA-A925-4503-8324-9CF06AFC48C5}.Release|iPhoneSimulator.ActiveCfg = Release|Any CPU
		{95CB14AA-A925-4503-8324-9CF06AFC48C5}.Release|iPhoneSimulator.Build.0 = Release|Any CPU
		{95CB14AA-A925-4503-8324-9CF06AFC48C5}.Release|x64.ActiveCfg = Release|Any CPU
		{95CB14AA-A925-4503-8324-9CF06AFC48C5}.Release|x64.Build.0 = Release|Any CPU
		{95CB14AA-A925-4503-8324-9CF06AFC48C5}.Release|x86.ActiveCfg = Release|Any CPU
		{95CB14AA-A925-4503-8324-9CF06AFC48C5}.Release|x86.Build.0 = Release|Any CPU
		{3F65961B-61E9-4EA6-9097-0723AAF8859D}.Ad-Hoc|Any CPU.ActiveCfg = Release|Any CPU
		{3F65961B-61E9-4EA6-9097-0723AAF8859D}.Ad-Hoc|Any CPU.Build.0 = Release|Any CPU
		{3F65961B-61E9-4EA6-9097-0723AAF8859D}.Ad-Hoc|ARM.ActiveCfg = Release|Any CPU
		{3F65961B-61E9-4EA6-9097-0723AAF8859D}.Ad-Hoc|ARM.Build.0 = Release|Any CPU
		{3F65961B-61E9-4EA6-9097-0723AAF8859D}.Ad-Hoc|iPhone.ActiveCfg = Release|Any CPU
		{3F65961B-61E9-4EA6-9097-0723AAF8859D}.Ad-Hoc|iPhone.Build.0 = Release|Any CPU
		{3F65961B-61E9-4EA6-9097-0723AAF8859D}.Ad-Hoc|iPhoneSimulator.ActiveCfg = Release|Any CPU
		{3F65961B-61E9-4EA6-9097-0723AAF8859D}.Ad-Hoc|iPhoneSimulator.Build.0 = Release|Any CPU
		{3F65961B-61E9-4EA6-9097-0723AAF8859D}.Ad-Hoc|x64.ActiveCfg = Release|Any CPU
		{3F65961B-61E9-4EA6-9097-0723AAF8859D}.Ad-Hoc|x64.Build.0 = Release|Any CPU
		{3F65961B-61E9-4EA6-9097-0723AAF8859D}.Ad-Hoc|x86.ActiveCfg = Release|Any CPU
		{3F65961B-61E9-4EA6-9097-0723AAF8859D}.Ad-Hoc|x86.Build.0 = Release|Any CPU
		{3F65961B-61E9-4EA6-9097-0723AAF8859D}.AppStore|Any CPU.ActiveCfg = Release|Any CPU
		{3F65961B-61E9-4EA6-9097-0723AAF8859D}.AppStore|Any CPU.Build.0 = Release|Any CPU
		{3F65961B-61E9-4EA6-9097-0723AAF8859D}.AppStore|ARM.ActiveCfg = Release|Any CPU
		{3F65961B-61E9-4EA6-9097-0723AAF8859D}.AppStore|ARM.Build.0 = Release|Any CPU
		{3F65961B-61E9-4EA6-9097-0723AAF8859D}.AppStore|iPhone.ActiveCfg = Release|Any CPU
		{3F65961B-61E9-4EA6-9097-0723AAF8859D}.AppStore|iPhone.Build.0 = Release|Any CPU
		{3F65961B-61E9-4EA6-9097-0723AAF8859D}.AppStore|iPhoneSimulator.ActiveCfg = Release|Any CPU
		{3F65961B-61E9-4EA6-9097-0723AAF8859D}.AppStore|iPhoneSimulator.Build.0 = Release|Any CPU
		{3F65961B-61E9-4EA6-9097-0723AAF8859D}.AppStore|x64.ActiveCfg = Release|Any CPU
		{3F65961B-61E9-4EA6-9097-0723AAF8859D}.AppStore|x64.Build.0 = Release|Any CPU
		{3F65961B-61E9-4EA6-9097-0723AAF8859D}.AppStore|x86.ActiveCfg = Release|Any CPU
		{3F65961B-61E9-4EA6-9097-0723AAF8859D}.AppStore|x86.Build.0 = Release|Any CPU
		{3F65961B-61E9-4EA6-9097-0723AAF8859D}.Debug|Any CPU.ActiveCfg = Debug|Any CPU
		{3F65961B-61E9-4EA6-9097-0723AAF8859D}.Debug|Any CPU.Build.0 = Debug|Any CPU
		{3F65961B-61E9-4EA6-9097-0723AAF8859D}.Debug|ARM.ActiveCfg = Debug|Any CPU
		{3F65961B-61E9-4EA6-9097-0723AAF8859D}.Debug|ARM.Build.0 = Debug|Any CPU
		{3F65961B-61E9-4EA6-9097-0723AAF8859D}.Debug|iPhone.ActiveCfg = Debug|Any CPU
		{3F65961B-61E9-4EA6-9097-0723AAF8859D}.Debug|iPhone.Build.0 = Debug|Any CPU
		{3F65961B-61E9-4EA6-9097-0723AAF8859D}.Debug|iPhoneSimulator.ActiveCfg = Debug|Any CPU
		{3F65961B-61E9-4EA6-9097-0723AAF8859D}.Debug|iPhoneSimulator.Build.0 = Debug|Any CPU
		{3F65961B-61E9-4EA6-9097-0723AAF8859D}.Debug|x64.ActiveCfg = Debug|Any CPU
		{3F65961B-61E9-4EA6-9097-0723AAF8859D}.Debug|x64.Build.0 = Debug|Any CPU
		{3F65961B-61E9-4EA6-9097-0723AAF8859D}.Debug|x86.ActiveCfg = Debug|Any CPU
		{3F65961B-61E9-4EA6-9097-0723AAF8859D}.Debug|x86.Build.0 = Debug|Any CPU
		{3F65961B-61E9-4EA6-9097-0723AAF8859D}.Release|Any CPU.ActiveCfg = Release|Any CPU
		{3F65961B-61E9-4EA6-9097-0723AAF8859D}.Release|Any CPU.Build.0 = Release|Any CPU
		{3F65961B-61E9-4EA6-9097-0723AAF8859D}.Release|ARM.ActiveCfg = Release|Any CPU
		{3F65961B-61E9-4EA6-9097-0723AAF8859D}.Release|ARM.Build.0 = Release|Any CPU
		{3F65961B-61E9-4EA6-9097-0723AAF8859D}.Release|iPhone.ActiveCfg = Release|Any CPU
		{3F65961B-61E9-4EA6-9097-0723AAF8859D}.Release|iPhone.Build.0 = Release|Any CPU
		{3F65961B-61E9-4EA6-9097-0723AAF8859D}.Release|iPhoneSimulator.ActiveCfg = Release|Any CPU
		{3F65961B-61E9-4EA6-9097-0723AAF8859D}.Release|iPhoneSimulator.Build.0 = Release|Any CPU
		{3F65961B-61E9-4EA6-9097-0723AAF8859D}.Release|x64.ActiveCfg = Release|Any CPU
		{3F65961B-61E9-4EA6-9097-0723AAF8859D}.Release|x64.Build.0 = Release|Any CPU
		{3F65961B-61E9-4EA6-9097-0723AAF8859D}.Release|x86.ActiveCfg = Release|Any CPU
		{3F65961B-61E9-4EA6-9097-0723AAF8859D}.Release|x86.Build.0 = Release|Any CPU
		{498EDB79-E670-40C4-876F-B9F2D2B12183}.Ad-Hoc|Any CPU.ActiveCfg = Debug|Any CPU
		{498EDB79-E670-40C4-876F-B9F2D2B12183}.Ad-Hoc|Any CPU.Build.0 = Debug|Any CPU
		{498EDB79-E670-40C4-876F-B9F2D2B12183}.Ad-Hoc|ARM.ActiveCfg = Debug|Any CPU
		{498EDB79-E670-40C4-876F-B9F2D2B12183}.Ad-Hoc|ARM.Build.0 = Debug|Any CPU
		{498EDB79-E670-40C4-876F-B9F2D2B12183}.Ad-Hoc|iPhone.ActiveCfg = Debug|Any CPU
		{498EDB79-E670-40C4-876F-B9F2D2B12183}.Ad-Hoc|iPhone.Build.0 = Debug|Any CPU
		{498EDB79-E670-40C4-876F-B9F2D2B12183}.Ad-Hoc|iPhoneSimulator.ActiveCfg = Debug|Any CPU
		{498EDB79-E670-40C4-876F-B9F2D2B12183}.Ad-Hoc|iPhoneSimulator.Build.0 = Debug|Any CPU
		{498EDB79-E670-40C4-876F-B9F2D2B12183}.Ad-Hoc|x64.ActiveCfg = Debug|Any CPU
		{498EDB79-E670-40C4-876F-B9F2D2B12183}.Ad-Hoc|x64.Build.0 = Debug|Any CPU
		{498EDB79-E670-40C4-876F-B9F2D2B12183}.Ad-Hoc|x86.ActiveCfg = Debug|Any CPU
		{498EDB79-E670-40C4-876F-B9F2D2B12183}.Ad-Hoc|x86.Build.0 = Debug|Any CPU
		{498EDB79-E670-40C4-876F-B9F2D2B12183}.AppStore|Any CPU.ActiveCfg = Debug|Any CPU
		{498EDB79-E670-40C4-876F-B9F2D2B12183}.AppStore|Any CPU.Build.0 = Debug|Any CPU
		{498EDB79-E670-40C4-876F-B9F2D2B12183}.AppStore|ARM.ActiveCfg = Debug|Any CPU
		{498EDB79-E670-40C4-876F-B9F2D2B12183}.AppStore|ARM.Build.0 = Debug|Any CPU
		{498EDB79-E670-40C4-876F-B9F2D2B12183}.AppStore|iPhone.ActiveCfg = Debug|Any CPU
		{498EDB79-E670-40C4-876F-B9F2D2B12183}.AppStore|iPhone.Build.0 = Debug|Any CPU
		{498EDB79-E670-40C4-876F-B9F2D2B12183}.AppStore|iPhoneSimulator.ActiveCfg = Debug|Any CPU
		{498EDB79-E670-40C4-876F-B9F2D2B12183}.AppStore|iPhoneSimulator.Build.0 = Debug|Any CPU
		{498EDB79-E670-40C4-876F-B9F2D2B12183}.AppStore|x64.ActiveCfg = Debug|Any CPU
		{498EDB79-E670-40C4-876F-B9F2D2B12183}.AppStore|x64.Build.0 = Debug|Any CPU
		{498EDB79-E670-40C4-876F-B9F2D2B12183}.AppStore|x86.ActiveCfg = Debug|Any CPU
		{498EDB79-E670-40C4-876F-B9F2D2B12183}.AppStore|x86.Build.0 = Debug|Any CPU
		{498EDB79-E670-40C4-876F-B9F2D2B12183}.Debug|Any CPU.ActiveCfg = Debug|Any CPU
		{498EDB79-E670-40C4-876F-B9F2D2B12183}.Debug|Any CPU.Build.0 = Debug|Any CPU
		{498EDB79-E670-40C4-876F-B9F2D2B12183}.Debug|ARM.ActiveCfg = Debug|Any CPU
		{498EDB79-E670-40C4-876F-B9F2D2B12183}.Debug|ARM.Build.0 = Debug|Any CPU
		{498EDB79-E670-40C4-876F-B9F2D2B12183}.Debug|iPhone.ActiveCfg = Debug|Any CPU
		{498EDB79-E670-40C4-876F-B9F2D2B12183}.Debug|iPhone.Build.0 = Debug|Any CPU
		{498EDB79-E670-40C4-876F-B9F2D2B12183}.Debug|iPhoneSimulator.ActiveCfg = Debug|Any CPU
		{498EDB79-E670-40C4-876F-B9F2D2B12183}.Debug|iPhoneSimulator.Build.0 = Debug|Any CPU
		{498EDB79-E670-40C4-876F-B9F2D2B12183}.Debug|x64.ActiveCfg = Debug|Any CPU
		{498EDB79-E670-40C4-876F-B9F2D2B12183}.Debug|x64.Build.0 = Debug|Any CPU
		{498EDB79-E670-40C4-876F-B9F2D2B12183}.Debug|x86.ActiveCfg = Debug|Any CPU
		{498EDB79-E670-40C4-876F-B9F2D2B12183}.Debug|x86.Build.0 = Debug|Any CPU
		{498EDB79-E670-40C4-876F-B9F2D2B12183}.Release|Any CPU.ActiveCfg = Release|Any CPU
		{498EDB79-E670-40C4-876F-B9F2D2B12183}.Release|Any CPU.Build.0 = Release|Any CPU
		{498EDB79-E670-40C4-876F-B9F2D2B12183}.Release|ARM.ActiveCfg = Release|Any CPU
		{498EDB79-E670-40C4-876F-B9F2D2B12183}.Release|ARM.Build.0 = Release|Any CPU
		{498EDB79-E670-40C4-876F-B9F2D2B12183}.Release|iPhone.ActiveCfg = Release|Any CPU
		{498EDB79-E670-40C4-876F-B9F2D2B12183}.Release|iPhone.Build.0 = Release|Any CPU
		{498EDB79-E670-40C4-876F-B9F2D2B12183}.Release|iPhoneSimulator.ActiveCfg = Release|Any CPU
		{498EDB79-E670-40C4-876F-B9F2D2B12183}.Release|iPhoneSimulator.Build.0 = Release|Any CPU
		{498EDB79-E670-40C4-876F-B9F2D2B12183}.Release|x64.ActiveCfg = Release|Any CPU
		{498EDB79-E670-40C4-876F-B9F2D2B12183}.Release|x64.Build.0 = Release|Any CPU
		{498EDB79-E670-40C4-876F-B9F2D2B12183}.Release|x86.ActiveCfg = Release|Any CPU
		{498EDB79-E670-40C4-876F-B9F2D2B12183}.Release|x86.Build.0 = Release|Any CPU
		{ACDDC131-8D25-4B3B-9D42-6DFFA21F8741}.Ad-Hoc|Any CPU.ActiveCfg = Release|Any CPU
		{ACDDC131-8D25-4B3B-9D42-6DFFA21F8741}.Ad-Hoc|Any CPU.Build.0 = Release|Any CPU
		{ACDDC131-8D25-4B3B-9D42-6DFFA21F8741}.Ad-Hoc|Any CPU.Deploy.0 = Release|Any CPU
		{ACDDC131-8D25-4B3B-9D42-6DFFA21F8741}.Ad-Hoc|ARM.ActiveCfg = Release|Any CPU
		{ACDDC131-8D25-4B3B-9D42-6DFFA21F8741}.Ad-Hoc|ARM.Build.0 = Release|Any CPU
		{ACDDC131-8D25-4B3B-9D42-6DFFA21F8741}.Ad-Hoc|ARM.Deploy.0 = Release|Any CPU
		{ACDDC131-8D25-4B3B-9D42-6DFFA21F8741}.Ad-Hoc|iPhone.ActiveCfg = Release|Any CPU
		{ACDDC131-8D25-4B3B-9D42-6DFFA21F8741}.Ad-Hoc|iPhone.Build.0 = Release|Any CPU
		{ACDDC131-8D25-4B3B-9D42-6DFFA21F8741}.Ad-Hoc|iPhone.Deploy.0 = Release|Any CPU
		{ACDDC131-8D25-4B3B-9D42-6DFFA21F8741}.Ad-Hoc|iPhoneSimulator.ActiveCfg = Release|Any CPU
		{ACDDC131-8D25-4B3B-9D42-6DFFA21F8741}.Ad-Hoc|iPhoneSimulator.Build.0 = Release|Any CPU
		{ACDDC131-8D25-4B3B-9D42-6DFFA21F8741}.Ad-Hoc|iPhoneSimulator.Deploy.0 = Release|Any CPU
		{ACDDC131-8D25-4B3B-9D42-6DFFA21F8741}.Ad-Hoc|x64.ActiveCfg = Release|Any CPU
		{ACDDC131-8D25-4B3B-9D42-6DFFA21F8741}.Ad-Hoc|x64.Build.0 = Release|Any CPU
		{ACDDC131-8D25-4B3B-9D42-6DFFA21F8741}.Ad-Hoc|x64.Deploy.0 = Release|Any CPU
		{ACDDC131-8D25-4B3B-9D42-6DFFA21F8741}.Ad-Hoc|x86.ActiveCfg = Release|Any CPU
		{ACDDC131-8D25-4B3B-9D42-6DFFA21F8741}.Ad-Hoc|x86.Build.0 = Release|Any CPU
		{ACDDC131-8D25-4B3B-9D42-6DFFA21F8741}.Ad-Hoc|x86.Deploy.0 = Release|Any CPU
		{ACDDC131-8D25-4B3B-9D42-6DFFA21F8741}.AppStore|Any CPU.ActiveCfg = Release|Any CPU
		{ACDDC131-8D25-4B3B-9D42-6DFFA21F8741}.AppStore|Any CPU.Build.0 = Release|Any CPU
		{ACDDC131-8D25-4B3B-9D42-6DFFA21F8741}.AppStore|Any CPU.Deploy.0 = Release|Any CPU
		{ACDDC131-8D25-4B3B-9D42-6DFFA21F8741}.AppStore|ARM.ActiveCfg = Release|Any CPU
		{ACDDC131-8D25-4B3B-9D42-6DFFA21F8741}.AppStore|ARM.Build.0 = Release|Any CPU
		{ACDDC131-8D25-4B3B-9D42-6DFFA21F8741}.AppStore|ARM.Deploy.0 = Release|Any CPU
		{ACDDC131-8D25-4B3B-9D42-6DFFA21F8741}.AppStore|iPhone.ActiveCfg = Release|Any CPU
		{ACDDC131-8D25-4B3B-9D42-6DFFA21F8741}.AppStore|iPhone.Build.0 = Release|Any CPU
		{ACDDC131-8D25-4B3B-9D42-6DFFA21F8741}.AppStore|iPhone.Deploy.0 = Release|Any CPU
		{ACDDC131-8D25-4B3B-9D42-6DFFA21F8741}.AppStore|iPhoneSimulator.ActiveCfg = Release|Any CPU
		{ACDDC131-8D25-4B3B-9D42-6DFFA21F8741}.AppStore|iPhoneSimulator.Build.0 = Release|Any CPU
		{ACDDC131-8D25-4B3B-9D42-6DFFA21F8741}.AppStore|iPhoneSimulator.Deploy.0 = Release|Any CPU
		{ACDDC131-8D25-4B3B-9D42-6DFFA21F8741}.AppStore|x64.ActiveCfg = Release|Any CPU
		{ACDDC131-8D25-4B3B-9D42-6DFFA21F8741}.AppStore|x64.Build.0 = Release|Any CPU
		{ACDDC131-8D25-4B3B-9D42-6DFFA21F8741}.AppStore|x64.Deploy.0 = Release|Any CPU
		{ACDDC131-8D25-4B3B-9D42-6DFFA21F8741}.AppStore|x86.ActiveCfg = Release|Any CPU
		{ACDDC131-8D25-4B3B-9D42-6DFFA21F8741}.AppStore|x86.Build.0 = Release|Any CPU
		{ACDDC131-8D25-4B3B-9D42-6DFFA21F8741}.AppStore|x86.Deploy.0 = Release|Any CPU
		{ACDDC131-8D25-4B3B-9D42-6DFFA21F8741}.Debug|Any CPU.ActiveCfg = Debug|Any CPU
		{ACDDC131-8D25-4B3B-9D42-6DFFA21F8741}.Debug|Any CPU.Build.0 = Debug|Any CPU
		{ACDDC131-8D25-4B3B-9D42-6DFFA21F8741}.Debug|Any CPU.Deploy.0 = Debug|Any CPU
		{ACDDC131-8D25-4B3B-9D42-6DFFA21F8741}.Debug|ARM.ActiveCfg = Debug|Any CPU
		{ACDDC131-8D25-4B3B-9D42-6DFFA21F8741}.Debug|ARM.Build.0 = Debug|Any CPU
		{ACDDC131-8D25-4B3B-9D42-6DFFA21F8741}.Debug|ARM.Deploy.0 = Debug|Any CPU
		{ACDDC131-8D25-4B3B-9D42-6DFFA21F8741}.Debug|iPhone.ActiveCfg = Debug|Any CPU
		{ACDDC131-8D25-4B3B-9D42-6DFFA21F8741}.Debug|iPhone.Build.0 = Debug|Any CPU
		{ACDDC131-8D25-4B3B-9D42-6DFFA21F8741}.Debug|iPhone.Deploy.0 = Debug|Any CPU
		{ACDDC131-8D25-4B3B-9D42-6DFFA21F8741}.Debug|iPhoneSimulator.ActiveCfg = Debug|Any CPU
		{ACDDC131-8D25-4B3B-9D42-6DFFA21F8741}.Debug|iPhoneSimulator.Build.0 = Debug|Any CPU
		{ACDDC131-8D25-4B3B-9D42-6DFFA21F8741}.Debug|iPhoneSimulator.Deploy.0 = Debug|Any CPU
		{ACDDC131-8D25-4B3B-9D42-6DFFA21F8741}.Debug|x64.ActiveCfg = Debug|Any CPU
		{ACDDC131-8D25-4B3B-9D42-6DFFA21F8741}.Debug|x64.Build.0 = Debug|Any CPU
		{ACDDC131-8D25-4B3B-9D42-6DFFA21F8741}.Debug|x64.Deploy.0 = Debug|Any CPU
		{ACDDC131-8D25-4B3B-9D42-6DFFA21F8741}.Debug|x86.ActiveCfg = Debug|Any CPU
		{ACDDC131-8D25-4B3B-9D42-6DFFA21F8741}.Debug|x86.Build.0 = Debug|Any CPU
		{ACDDC131-8D25-4B3B-9D42-6DFFA21F8741}.Debug|x86.Deploy.0 = Debug|Any CPU
		{ACDDC131-8D25-4B3B-9D42-6DFFA21F8741}.Release|Any CPU.ActiveCfg = Release|Any CPU
		{ACDDC131-8D25-4B3B-9D42-6DFFA21F8741}.Release|Any CPU.Build.0 = Release|Any CPU
		{ACDDC131-8D25-4B3B-9D42-6DFFA21F8741}.Release|Any CPU.Deploy.0 = Release|Any CPU
		{ACDDC131-8D25-4B3B-9D42-6DFFA21F8741}.Release|ARM.ActiveCfg = Release|Any CPU
		{ACDDC131-8D25-4B3B-9D42-6DFFA21F8741}.Release|ARM.Build.0 = Release|Any CPU
		{ACDDC131-8D25-4B3B-9D42-6DFFA21F8741}.Release|ARM.Deploy.0 = Release|Any CPU
		{ACDDC131-8D25-4B3B-9D42-6DFFA21F8741}.Release|iPhone.ActiveCfg = Release|Any CPU
		{ACDDC131-8D25-4B3B-9D42-6DFFA21F8741}.Release|iPhone.Build.0 = Release|Any CPU
		{ACDDC131-8D25-4B3B-9D42-6DFFA21F8741}.Release|iPhone.Deploy.0 = Release|Any CPU
		{ACDDC131-8D25-4B3B-9D42-6DFFA21F8741}.Release|iPhoneSimulator.ActiveCfg = Release|Any CPU
		{ACDDC131-8D25-4B3B-9D42-6DFFA21F8741}.Release|iPhoneSimulator.Build.0 = Release|Any CPU
		{ACDDC131-8D25-4B3B-9D42-6DFFA21F8741}.Release|iPhoneSimulator.Deploy.0 = Release|Any CPU
		{ACDDC131-8D25-4B3B-9D42-6DFFA21F8741}.Release|x64.ActiveCfg = Release|Any CPU
		{ACDDC131-8D25-4B3B-9D42-6DFFA21F8741}.Release|x64.Build.0 = Release|Any CPU
		{ACDDC131-8D25-4B3B-9D42-6DFFA21F8741}.Release|x64.Deploy.0 = Release|Any CPU
		{ACDDC131-8D25-4B3B-9D42-6DFFA21F8741}.Release|x86.ActiveCfg = Release|Any CPU
		{ACDDC131-8D25-4B3B-9D42-6DFFA21F8741}.Release|x86.Build.0 = Release|Any CPU
		{ACDDC131-8D25-4B3B-9D42-6DFFA21F8741}.Release|x86.Deploy.0 = Release|Any CPU
		{BAFF782F-15EE-41E8-86FF-A6426C783320}.Ad-Hoc|Any CPU.ActiveCfg = Ad-Hoc|iPhone
		{BAFF782F-15EE-41E8-86FF-A6426C783320}.Ad-Hoc|ARM.ActiveCfg = Ad-Hoc|iPhone
		{BAFF782F-15EE-41E8-86FF-A6426C783320}.Ad-Hoc|iPhone.ActiveCfg = Ad-Hoc|iPhone
		{BAFF782F-15EE-41E8-86FF-A6426C783320}.Ad-Hoc|iPhone.Build.0 = Ad-Hoc|iPhone
		{BAFF782F-15EE-41E8-86FF-A6426C783320}.Ad-Hoc|iPhoneSimulator.ActiveCfg = Ad-Hoc|iPhoneSimulator
		{BAFF782F-15EE-41E8-86FF-A6426C783320}.Ad-Hoc|iPhoneSimulator.Build.0 = Ad-Hoc|iPhoneSimulator
		{BAFF782F-15EE-41E8-86FF-A6426C783320}.Ad-Hoc|x64.ActiveCfg = Ad-Hoc|iPhone
		{BAFF782F-15EE-41E8-86FF-A6426C783320}.Ad-Hoc|x86.ActiveCfg = Ad-Hoc|iPhone
		{BAFF782F-15EE-41E8-86FF-A6426C783320}.AppStore|Any CPU.ActiveCfg = AppStore|iPhone
		{BAFF782F-15EE-41E8-86FF-A6426C783320}.AppStore|ARM.ActiveCfg = AppStore|iPhone
		{BAFF782F-15EE-41E8-86FF-A6426C783320}.AppStore|iPhone.ActiveCfg = AppStore|iPhone
		{BAFF782F-15EE-41E8-86FF-A6426C783320}.AppStore|iPhone.Build.0 = AppStore|iPhone
		{BAFF782F-15EE-41E8-86FF-A6426C783320}.AppStore|iPhoneSimulator.ActiveCfg = AppStore|iPhoneSimulator
		{BAFF782F-15EE-41E8-86FF-A6426C783320}.AppStore|iPhoneSimulator.Build.0 = AppStore|iPhoneSimulator
		{BAFF782F-15EE-41E8-86FF-A6426C783320}.AppStore|x64.ActiveCfg = AppStore|iPhone
		{BAFF782F-15EE-41E8-86FF-A6426C783320}.AppStore|x86.ActiveCfg = AppStore|iPhone
		{BAFF782F-15EE-41E8-86FF-A6426C783320}.Debug|Any CPU.ActiveCfg = Debug|iPhone
		{BAFF782F-15EE-41E8-86FF-A6426C783320}.Debug|ARM.ActiveCfg = Debug|iPhone
		{BAFF782F-15EE-41E8-86FF-A6426C783320}.Debug|iPhone.ActiveCfg = Debug|iPhone
		{BAFF782F-15EE-41E8-86FF-A6426C783320}.Debug|iPhone.Build.0 = Debug|iPhone
		{BAFF782F-15EE-41E8-86FF-A6426C783320}.Debug|iPhoneSimulator.ActiveCfg = Debug|iPhoneSimulator
		{BAFF782F-15EE-41E8-86FF-A6426C783320}.Debug|iPhoneSimulator.Build.0 = Debug|iPhoneSimulator
		{BAFF782F-15EE-41E8-86FF-A6426C783320}.Debug|x64.ActiveCfg = Debug|iPhone
		{BAFF782F-15EE-41E8-86FF-A6426C783320}.Debug|x86.ActiveCfg = Debug|iPhone
		{BAFF782F-15EE-41E8-86FF-A6426C783320}.Release|Any CPU.ActiveCfg = Release|iPhone
		{BAFF782F-15EE-41E8-86FF-A6426C783320}.Release|ARM.ActiveCfg = Release|iPhone
		{BAFF782F-15EE-41E8-86FF-A6426C783320}.Release|iPhone.ActiveCfg = Release|iPhone
		{BAFF782F-15EE-41E8-86FF-A6426C783320}.Release|iPhone.Build.0 = Release|iPhone
		{BAFF782F-15EE-41E8-86FF-A6426C783320}.Release|iPhoneSimulator.ActiveCfg = Release|iPhoneSimulator
		{BAFF782F-15EE-41E8-86FF-A6426C783320}.Release|iPhoneSimulator.Build.0 = Release|iPhoneSimulator
		{BAFF782F-15EE-41E8-86FF-A6426C783320}.Release|x64.ActiveCfg = Release|iPhone
		{BAFF782F-15EE-41E8-86FF-A6426C783320}.Release|x86.ActiveCfg = Release|iPhone
	EndGlobalSection
	GlobalSection(SolutionProperties) = preSolution
		HideSolutionNode = FALSE
	EndGlobalSection
	GlobalSection(ExtensibilityGlobals) = postSolution
		SolutionGuid = {71E6676D-7973-48C6-8C66-48FA23CA7EF7}
	EndGlobalSection
EndGlobal
