
Microsoft Visual Studio Solution File, Format Version 12.00
# Visual Studio Version 16
VisualStudioVersion = 16.0.28922.388
MinimumVisualStudioVersion = 10.0.40219.1
Project("{2150E333-8FDC-42A3-9474-1A3956D46DE8}") = "Clients", "Clients", "{F2932C81-0D32-4FBB-9836-D20A04C2BBF0}"
EndProject
Project("{2150E333-8FDC-42A3-9474-1A3956D46DE8}") = "Servers", "Servers", "{3BC72160-1091-4B5B-A54A-E6518C588875}"
EndProject
Project("{FAE04EC0-301F-11D3-BF4B-00C04F79EFBC}") = "EcCoach.Web", "EcCoach.Web\EcCoach.Web.csproj", "{9D930290-7594-480A-AE25-7132F204D541}"
EndProject
Global
	GlobalSection(SolutionConfigurationPlatforms) = preSolution
		Debug|Any CPU = Debug|Any CPU
		Release|Any CPU = Release|Any CPU
	EndGlobalSection
	GlobalSection(ProjectConfigurationPlatforms) = postSolution
		{9D930290-7594-480A-AE25-7132F204D541}.Debug|Any CPU.ActiveCfg = Debug|Any CPU
		{9D930290-7594-480A-AE25-7132F204D541}.Debug|Any CPU.Build.0 = Debug|Any CPU
		{9D930290-7594-480A-AE25-7132F204D541}.Release|Any CPU.ActiveCfg = Release|Any CPU
		{9D930290-7594-480A-AE25-7132F204D541}.Release|Any CPU.Build.0 = Release|Any CPU
	EndGlobalSection
	GlobalSection(SolutionProperties) = preSolution
		HideSolutionNode = FALSE
	EndGlobalSection
	GlobalSection(NestedProjects) = preSolution
		{9D930290-7594-480A-AE25-7132F204D541} = {F2932C81-0D32-4FBB-9836-D20A04C2BBF0}
	EndGlobalSection
	GlobalSection(ExtensibilityGlobals) = postSolution
		SolutionGuid = {840C3EFF-9368-450A-AC33-004B38D40080}
	EndGlobalSection
EndGlobal
