
Microsoft Visual Studio Solution File, Format Version 12.00
# Visual Studio Version 16
VisualStudioVersion = 16.0.28922.388
MinimumVisualStudioVersion = 10.0.40219.1
Project("{FAE04EC0-301F-11D3-BF4B-00C04F79EFBC}") = "pFtales", "pFtales\pFtales.csproj", "{F6759B43-46E1-4EB0-B276-8C0F842D2743}"
EndProject
Global
	GlobalSection(SolutionConfigurationPlatforms) = preSolution
		Debug|Any CPU = Debug|Any CPU
		Release|Any CPU = Release|Any CPU
	EndGlobalSection
	GlobalSection(ProjectConfigurationPlatforms) = postSolution
		{F6759B43-46E1-4EB0-B276-8C0F842D2743}.Debug|Any CPU.ActiveCfg = Debug|Any CPU
		{F6759B43-46E1-4EB0-B276-8C0F842D2743}.Debug|Any CPU.Build.0 = Debug|Any CPU
		{F6759B43-46E1-4EB0-B276-8C0F842D2743}.Release|Any CPU.ActiveCfg = Release|Any CPU
		{F6759B43-46E1-4EB0-B276-8C0F842D2743}.Release|Any CPU.Build.0 = Release|Any CPU
	EndGlobalSection
	GlobalSection(SolutionProperties) = preSolution
		HideSolutionNode = FALSE
	EndGlobalSection
	GlobalSection(ExtensibilityGlobals) = postSolution
		SolutionGuid = {358E551B-7835-4E99-9D24-C1BCFB1A5A96}
	EndGlobalSection
EndGlobal
